
Microsoft Visual Studio Solution File, Format Version 12.00
# Visual Studio Version 16
VisualStudioVersion = 16.0.33130.400
MinimumVisualStudioVersion = 10.0.40219.1
Project("{FAE04EC0-301F-11D3-BF4B-00C04F79EFBC}") = "Calculator_66_NguyenHuuToan", "Calculator_66_NguyenHuuToan\Calculator_66_NguyenHuuToan.csproj", "{4603A33D-5304-4AD1-9889-DD27E7ADB483}"
EndProject
Project("{FAE04EC0-301F-11D3-BF4B-00C04F79EFBC}") = "CalculatorTester_66_NguyenHuutoan", "CalculatorTester_66_NguyenHuutoan\CalculatorTester_66_NguyenHuutoan.csproj", "{B9BDE29D-AF5D-411D-9154-FA7730A1EE7E}"
EndProject
Global
	GlobalSection(SolutionConfigurationPlatforms) = preSolution
		Debug|Any CPU = Debug|Any CPU
		Release|Any CPU = Release|Any CPU
	EndGlobalSection
	GlobalSection(ProjectConfigurationPlatforms) = postSolution
		{4603A33D-5304-4AD1-9889-DD27E7ADB483}.Debug|Any CPU.ActiveCfg = Debug|Any CPU
		{4603A33D-5304-4AD1-9889-DD27E7ADB483}.Debug|Any CPU.Build.0 = Debug|Any CPU
		{4603A33D-5304-4AD1-9889-DD27E7ADB483}.Release|Any CPU.ActiveCfg = Release|Any CPU
		{4603A33D-5304-4AD1-9889-DD27E7ADB483}.Release|Any CPU.Build.0 = Release|Any CPU
		{B9BDE29D-AF5D-411D-9154-FA7730A1EE7E}.Debug|Any CPU.ActiveCfg = Debug|Any CPU
		{B9BDE29D-AF5D-411D-9154-FA7730A1EE7E}.Debug|Any CPU.Build.0 = Debug|Any CPU
		{B9BDE29D-AF5D-411D-9154-FA7730A1EE7E}.Release|Any CPU.ActiveCfg = Release|Any CPU
		{B9BDE29D-AF5D-411D-9154-FA7730A1EE7E}.Release|Any CPU.Build.0 = Release|Any CPU
	EndGlobalSection
	GlobalSection(SolutionProperties) = preSolution
		HideSolutionNode = FALSE
	EndGlobalSection
	GlobalSection(ExtensibilityGlobals) = postSolution
		SolutionGuid = {BAE45783-4F47-438C-8157-6A2566772078}
	EndGlobalSection
EndGlobal
